{
	"name": "@sst-postgres/functions",
	"version": "0.0.0",
	"lockfileVersion": 2,
	"requires": true,
	"packages": {
		"": {
			"name": "@sst-postgres/functions",
			"version": "0.0.0",
			"dependencies": {
				"@middy/core": "^4.7.0",
				"@middy/error-logger": "^4.7.0",
				"@types/aws-lambda": "^8.10.141",
				"@types/node": "^20.14.10",
				"drizzle-orm": "^0.31.4",
				"zod": "^3.22.4"
			}
		},
		"node_modules/@middy/core": {
			"version": "4.7.0",
			"resolved": "https://registry.npmjs.org/@middy/core/-/core-4.7.0.tgz",
			"integrity": "sha512-yI++DmhDQ8+ugvY7+GrEnb2PF0M/6Wzbgu4Tf7QhOlhwKGDd4j6or+Ab7qYPWx+jnKf8F0tqlmh0gV4JLi0yHw==",
			"engines": {
				"node": ">=16"
			},
			"funding": {
				"type": "github",
				"url": "https://github.com/sponsors/willfarrell"
			}
		},
		"node_modules/@middy/error-logger": {
			"version": "4.7.0",
			"resolved": "https://registry.npmjs.org/@middy/error-logger/-/error-logger-4.7.0.tgz",
			"integrity": "sha512-RDHjPL2gvkW1kaqkRsZztCNyA4JI6rKzuOSp9pjJ5feTiKyERkEH/SU9/r4w5Nm7i4iVl050Hvx7CHBQbgeZ2A==",
			"engines": {
				"node": ">=16"
			},
			"funding": {
				"type": "github",
				"url": "https://github.com/sponsors/willfarrell"
			}
		},
		"node_modules/@types/aws-lambda": {
			"version": "8.10.141",
			"resolved": "https://registry.npmjs.org/@types/aws-lambda/-/aws-lambda-8.10.141.tgz",
			"integrity": "sha512-SMWlRBukG9KV8ZNjwemp2AzDibp/czIAeKKTw09nCPbWxVskIxactCJCGOp4y6I1hCMY7T7UGfySvBLXNeUbEw=="
		},
		"node_modules/@types/node": {
			"version": "20.14.10",
			"resolved": "https://registry.npmjs.org/@types/node/-/node-20.14.10.tgz",
			"integrity": "sha512-MdiXf+nDuMvY0gJKxyfZ7/6UFsETO7mGKF54MVD/ekJS6HdFtpZFBgrh6Pseu64XTb2MLyFPlbW6hj8HYRQNOQ==",
			"dependencies": {
				"undici-types": "~5.26.4"
			}
		},
		"node_modules/drizzle-orm": {
			"version": "0.31.4",
			"resolved": "https://registry.npmjs.org/drizzle-orm/-/drizzle-orm-0.31.4.tgz",
			"integrity": "sha512-VGD9SH9aStF2z4QOTnVlVX/WghV/EnuEzTmsH3fSVp2E4fFgc8jl3viQrS/XUJx1ekW4rVVLJMH42SfGQdjX3Q==",
			"peerDependencies": {
				"@aws-sdk/client-rds-data": ">=3",
				"@cloudflare/workers-types": ">=3",
				"@electric-sql/pglite": ">=0.1.1",
				"@libsql/client": "*",
				"@neondatabase/serverless": ">=0.1",
				"@op-engineering/op-sqlite": ">=2",
				"@opentelemetry/api": "^1.4.1",
				"@planetscale/database": ">=1",
				"@prisma/client": "*",
				"@tidbcloud/serverless": "*",
				"@types/better-sqlite3": "*",
				"@types/pg": "*",
				"@types/react": ">=18",
				"@types/sql.js": "*",
				"@vercel/postgres": ">=0.8.0",
				"@xata.io/client": "*",
				"better-sqlite3": ">=7",
				"bun-types": "*",
				"expo-sqlite": ">=13.2.0",
				"knex": "*",
				"kysely": "*",
				"mysql2": ">=2",
				"pg": ">=8",
				"postgres": ">=3",
				"react": ">=18",
				"sql.js": ">=1",
				"sqlite3": ">=5"
			},
			"peerDependenciesMeta": {
				"@aws-sdk/client-rds-data": {
					"optional": true
				},
				"@cloudflare/workers-types": {
					"optional": true
				},
				"@electric-sql/pglite": {
					"optional": true
				},
				"@libsql/client": {
					"optional": true
				},
				"@neondatabase/serverless": {
					"optional": true
				},
				"@op-engineering/op-sqlite": {
					"optional": true
				},
				"@opentelemetry/api": {
					"optional": true
				},
				"@planetscale/database": {
					"optional": true
				},
				"@prisma/client": {
					"optional": true
				},
				"@tidbcloud/serverless": {
					"optional": true
				},
				"@types/better-sqlite3": {
					"optional": true
				},
				"@types/pg": {
					"optional": true
				},
				"@types/react": {
					"optional": true
				},
				"@types/sql.js": {
					"optional": true
				},
				"@vercel/postgres": {
					"optional": true
				},
				"@xata.io/client": {
					"optional": true
				},
				"better-sqlite3": {
					"optional": true
				},
				"bun-types": {
					"optional": true
				},
				"expo-sqlite": {
					"optional": true
				},
				"knex": {
					"optional": true
				},
				"kysely": {
					"optional": true
				},
				"mysql2": {
					"optional": true
				},
				"pg": {
					"optional": true
				},
				"postgres": {
					"optional": true
				},
				"prisma": {
					"optional": true
				},
				"react": {
					"optional": true
				},
				"sql.js": {
					"optional": true
				},
				"sqlite3": {
					"optional": true
				}
			}
		},
		"node_modules/undici-types": {
			"version": "5.26.5",
			"resolved": "https://registry.npmjs.org/undici-types/-/undici-types-5.26.5.tgz",
			"integrity": "sha512-JlCMO+ehdEIKqlFxk6IfVoAUVmgz7cU7zD/h9XZ0qzeosSHmUJVOzSQvvYSYWXkFXC+IfLKSIffhv0sVZup6pA=="
		},
		"node_modules/zod": {
			"version": "3.23.8",
			"resolved": "https://registry.npmjs.org/zod/-/zod-3.23.8.tgz",
			"integrity": "sha512-XBx9AXhXktjUqnepgTiE5flcKIYWi/rme0Eaj+5Y0lftuGBq+jyRu/md4WnuxqgP1ubdpNCsYEYPxrzVHD8d6g==",
			"funding": {
				"url": "https://github.com/sponsors/colinhacks"
			}
		}
	},
	"dependencies": {
		"@middy/core": {
			"version": "4.7.0",
			"resolved": "https://registry.npmjs.org/@middy/core/-/core-4.7.0.tgz",
			"integrity": "sha512-yI++DmhDQ8+ugvY7+GrEnb2PF0M/6Wzbgu4Tf7QhOlhwKGDd4j6or+Ab7qYPWx+jnKf8F0tqlmh0gV4JLi0yHw=="
		},
		"@middy/error-logger": {
			"version": "4.7.0",
			"resolved": "https://registry.npmjs.org/@middy/error-logger/-/error-logger-4.7.0.tgz",
			"integrity": "sha512-RDHjPL2gvkW1kaqkRsZztCNyA4JI6rKzuOSp9pjJ5feTiKyERkEH/SU9/r4w5Nm7i4iVl050Hvx7CHBQbgeZ2A=="
		},
		"@types/aws-lambda": {
			"version": "8.10.141",
			"resolved": "https://registry.npmjs.org/@types/aws-lambda/-/aws-lambda-8.10.141.tgz",
			"integrity": "sha512-SMWlRBukG9KV8ZNjwemp2AzDibp/czIAeKKTw09nCPbWxVskIxactCJCGOp4y6I1hCMY7T7UGfySvBLXNeUbEw=="
		},
		"@types/node": {
			"version": "20.14.10",
			"resolved": "https://registry.npmjs.org/@types/node/-/node-20.14.10.tgz",
			"integrity": "sha512-MdiXf+nDuMvY0gJKxyfZ7/6UFsETO7mGKF54MVD/ekJS6HdFtpZFBgrh6Pseu64XTb2MLyFPlbW6hj8HYRQNOQ==",
			"requires": {
				"undici-types": "~5.26.4"
			}
		},
		"drizzle-orm": {
			"version": "0.31.4",
			"resolved": "https://registry.npmjs.org/drizzle-orm/-/drizzle-orm-0.31.4.tgz",
			"integrity": "sha512-VGD9SH9aStF2z4QOTnVlVX/WghV/EnuEzTmsH3fSVp2E4fFgc8jl3viQrS/XUJx1ekW4rVVLJMH42SfGQdjX3Q==",
			"requires": {}
		},
		"undici-types": {
			"version": "5.26.5",
			"resolved": "https://registry.npmjs.org/undici-types/-/undici-types-5.26.5.tgz",
			"integrity": "sha512-JlCMO+ehdEIKqlFxk6IfVoAUVmgz7cU7zD/h9XZ0qzeosSHmUJVOzSQvvYSYWXkFXC+IfLKSIffhv0sVZup6pA=="
		},
		"zod": {
			"version": "3.23.8",
			"resolved": "https://registry.npmjs.org/zod/-/zod-3.23.8.tgz",
			"integrity": "sha512-XBx9AXhXktjUqnepgTiE5flcKIYWi/rme0Eaj+5Y0lftuGBq+jyRu/md4WnuxqgP1ubdpNCsYEYPxrzVHD8d6g=="
		}
	}
}
